
Microsoft Visual Studio Solution File, Format Version 12.00
# Visual Studio Version 16
VisualStudioVersion = 16.0.810.8
MinimumVisualStudioVersion = 10.0.40219.1
Project("{FAE04EC0-301F-11D3-BF4B-00C04F79EFBC}") = "UploadFilesBackend", "UploadFilesBackend.csproj", "{ABF3F910-0B68-4CDE-9992-220CD7D7149C}"
EndProject
Project("{FAE04EC0-301F-11D3-BF4B-00C04F79EFBC}") = "UploadFilesBackend.Tests", "UploadFilesBackend.Tests\UploadFilesBackend.Tests.csproj", "{EC63EA24-8115-4B80-8992-539C0E20A889}"
EndProject
Global
	GlobalSection(SolutionConfigurationPlatforms) = preSolution
		Debug|Any CPU = Debug|Any CPU
		Release|Any CPU = Release|Any CPU
	EndGlobalSection
	GlobalSection(ProjectConfigurationPlatforms) = postSolution
		{ABF3F910-0B68-4CDE-9992-220CD7D7149C}.Debug|Any CPU.ActiveCfg = Debug|Any CPU
		{ABF3F910-0B68-4CDE-9992-220CD7D7149C}.Debug|Any CPU.Build.0 = Debug|Any CPU
		{ABF3F910-0B68-4CDE-9992-220CD7D7149C}.Release|Any CPU.ActiveCfg = Release|Any CPU
		{ABF3F910-0B68-4CDE-9992-220CD7D7149C}.Release|Any CPU.Build.0 = Release|Any CPU
		{EC63EA24-8115-4B80-8992-539C0E20A889}.Debug|Any CPU.ActiveCfg = Debug|Any CPU
		{EC63EA24-8115-4B80-8992-539C0E20A889}.Debug|Any CPU.Build.0 = Debug|Any CPU
		{EC63EA24-8115-4B80-8992-539C0E20A889}.Release|Any CPU.ActiveCfg = Release|Any CPU
		{EC63EA24-8115-4B80-8992-539C0E20A889}.Release|Any CPU.Build.0 = Release|Any CPU
	EndGlobalSection
	GlobalSection(SolutionProperties) = preSolution
		HideSolutionNode = FALSE
	EndGlobalSection
	GlobalSection(ExtensibilityGlobals) = postSolution
		SolutionGuid = {924CA6BF-269D-4282-B9FC-30155DBD6C71}
	EndGlobalSection
EndGlobal
